
Microsoft Visual Studio Solution File, Format Version 12.00
# Visual Studio Version 17
VisualStudioVersion = 17.2.32602.215
MinimumVisualStudioVersion = 10.0.40219.1
Project("{FAE04EC0-301F-11D3-BF4B-00C04F79EFBC}") = "SteamTesting", "SteamTesting\SteamTesting.csproj", "{8DEB8323-44F7-4EC4-9247-2FF57ED81C30}"
EndProject
Global
	GlobalSection(SolutionConfigurationPlatforms) = preSolution
		Debug|Any CPU = Debug|Any CPU
		Release|Any CPU = Release|Any CPU
	EndGlobalSection
	GlobalSection(ProjectConfigurationPlatforms) = postSolution
		{8DEB8323-44F7-4EC4-9247-2FF57ED81C30}.Debug|Any CPU.ActiveCfg = Debug|Any CPU
		{8DEB8323-44F7-4EC4-9247-2FF57ED81C30}.Debug|Any CPU.Build.0 = Debug|Any CPU
		{8DEB8323-44F7-4EC4-9247-2FF57ED81C30}.Release|Any CPU.ActiveCfg = Release|Any CPU
		{8DEB8323-44F7-4EC4-9247-2FF57ED81C30}.Release|Any CPU.Build.0 = Release|Any CPU
	EndGlobalSection
	GlobalSection(SolutionProperties) = preSolution
		HideSolutionNode = FALSE
	EndGlobalSection
	GlobalSection(ExtensibilityGlobals) = postSolution
		SolutionGuid = {9CD5E5E5-4221-40BF-9ECD-1D86FAEE3305}
	EndGlobalSection
EndGlobal
